
Microsoft Visual Studio Solution File, Format Version 12.00
# Visual Studio Version 16
VisualStudioVersion = 16.0.810.1
MinimumVisualStudioVersion = 10.0.40219.1
Project("{FAE04EC0-301F-11D3-BF4B-00C04F79EFBC}") = "TaxiCompanyProject", "TaxiCompanyProject\TaxiCompanyProject.csproj", "{56CBACA5-29A5-47E6-94B1-19B61E65D741}"
EndProject
Global
	GlobalSection(SolutionConfigurationPlatforms) = preSolution
		Debug|Any CPU = Debug|Any CPU
		Release|Any CPU = Release|Any CPU
	EndGlobalSection
	GlobalSection(ProjectConfigurationPlatforms) = postSolution
		{56CBACA5-29A5-47E6-94B1-19B61E65D741}.Debug|Any CPU.ActiveCfg = Debug|Any CPU
		{56CBACA5-29A5-47E6-94B1-19B61E65D741}.Debug|Any CPU.Build.0 = Debug|Any CPU
		{56CBACA5-29A5-47E6-94B1-19B61E65D741}.Release|Any CPU.ActiveCfg = Release|Any CPU
		{56CBACA5-29A5-47E6-94B1-19B61E65D741}.Release|Any CPU.Build.0 = Release|Any CPU
	EndGlobalSection
	GlobalSection(SolutionProperties) = preSolution
		HideSolutionNode = FALSE
	EndGlobalSection
	GlobalSection(ExtensibilityGlobals) = postSolution
		SolutionGuid = {D82AD124-B753-4A00-8C71-87C76F6D48B9}
	EndGlobalSection
EndGlobal
